
Microsoft Visual Studio Solution File, Format Version 12.00
# Visual Studio 15
VisualStudioVersion = 15.0.27130.2027
MinimumVisualStudioVersion = 10.0.40219.1
Project("{FAE04EC0-301F-11D3-BF4B-00C04F79EFBC}") = "HeroQuiz", "HeroQuiz\HeroQuiz.csproj", "{BF472C7B-5805-4834-AAA2-B36B57723D3A}"
EndProject
Global
	GlobalSection(SolutionConfigurationPlatforms) = preSolution
		Debug|Any CPU = Debug|Any CPU
		Release|Any CPU = Release|Any CPU
	EndGlobalSection
	GlobalSection(ProjectConfigurationPlatforms) = postSolution
		{BF472C7B-5805-4834-AAA2-B36B57723D3A}.Debug|Any CPU.ActiveCfg = Debug|Any CPU
		{BF472C7B-5805-4834-AAA2-B36B57723D3A}.Debug|Any CPU.Build.0 = Debug|Any CPU
		{BF472C7B-5805-4834-AAA2-B36B57723D3A}.Release|Any CPU.ActiveCfg = Release|Any CPU
		{BF472C7B-5805-4834-AAA2-B36B57723D3A}.Release|Any CPU.Build.0 = Release|Any CPU
	EndGlobalSection
	GlobalSection(SolutionProperties) = preSolution
		HideSolutionNode = FALSE
	EndGlobalSection
	GlobalSection(ExtensibilityGlobals) = postSolution
		SolutionGuid = {55E40083-FD93-4734-A2BC-09F49F2831D1}
	EndGlobalSection
EndGlobal
